// !$*UTF8*$!
{
	archiveVersion = 1;
	classes = {
	};
	objectVersion = 56;
	objects = {

/* Begin PBXBuildFile section */
		F09127852BD7C67900D14C68 /* HeaderImage.swift in Sources */ = {isa = PBXBuildFile; fileRef = F09127842BD7C67900D14C68 /* HeaderImage.swift */; };
		F09127872BD7CA9600D14C68 /* ArtGroups.swift in Sources */ = {isa = PBXBuildFile; fileRef = F09127862BD7CA9600D14C68 /* ArtGroups.swift */; };
		F09127892BD7CAD600D14C68 /* ItemArtGroup.swift in Sources */ = {isa = PBXBuildFile; fileRef = F09127882BD7CAD600D14C68 /* ItemArtGroup.swift */; };
		F091278B2BD7DAB700D14C68 /* Publications.swift in Sources */ = {isa = PBXBuildFile; fileRef = F091278A2BD7DAB700D14C68 /* Publications.swift */; };
		F091278D2BD7DB1900D14C68 /* ItemPublication.swift in Sources */ = {isa = PBXBuildFile; fileRef = F091278C2BD7DB1900D14C68 /* ItemPublication.swift */; };
		F0A3C6AA2AB059A100DB217F /* NAMApp.swift in Sources */ = {isa = PBXBuildFile; fileRef = F0A3C6A92AB059A100DB217F /* NAMApp.swift */; };
		F0A3C6AC2AB059A100DB217F /* ContentView.swift in Sources */ = {isa = PBXBuildFile; fileRef = F0A3C6AB2AB059A100DB217F /* ContentView.swift */; };
		F0A3C6AE2AB059A300DB217F /* Assets.xcassets in Resources */ = {isa = PBXBuildFile; fileRef = F0A3C6AD2AB059A300DB217F /* Assets.xcassets */; };
		F0A3C6B22AB059A300DB217F /* Preview Assets.xcassets in Resources */ = {isa = PBXBuildFile; fileRef = F0A3C6B12AB059A300DB217F /* Preview Assets.xcassets */; };
		F0A3C6BC2AB059A300DB217F /* NAMTests.swift in Sources */ = {isa = PBXBuildFile; fileRef = F0A3C6BB2AB059A300DB217F /* NAMTests.swift */; };
		F0A3C6C62AB059A300DB217F /* NAMUITests.swift in Sources */ = {isa = PBXBuildFile; fileRef = F0A3C6C52AB059A300DB217F /* NAMUITests.swift */; };
		F0A3C6C82AB059A300DB217F /* NAMUITestsLaunchTests.swift in Sources */ = {isa = PBXBuildFile; fileRef = F0A3C6C72AB059A300DB217F /* NAMUITestsLaunchTests.swift */; };
		F0A3C6D62AB05ABF00DB217F /* SplashView.swift in Sources */ = {isa = PBXBuildFile; fileRef = F0A3C6D52AB05ABF00DB217F /* SplashView.swift */; };
		F0A3C6D82AB05F7C00DB217F /* MainNavigation.swift in Sources */ = {isa = PBXBuildFile; fileRef = F0A3C6D72AB05F7C00DB217F /* MainNavigation.swift */; };
		F0A3C6DA2AB07AC000DB217F /* BottomMenuItemView.swift in Sources */ = {isa = PBXBuildFile; fileRef = F0A3C6D92AB07AC000DB217F /* BottomMenuItemView.swift */; };
		F0A3C6DC2AB083C600DB217F /* HomeView.swift in Sources */ = {isa = PBXBuildFile; fileRef = F0A3C6DB2AB083C600DB217F /* HomeView.swift */; };
		F0A3C6DE2AB083D800DB217F /* EventsView.swift in Sources */ = {isa = PBXBuildFile; fileRef = F0A3C6DD2AB083D800DB217F /* EventsView.swift */; };
		F0A3C6E02AB083E500DB217F /* ProjectsView.swift in Sources */ = {isa = PBXBuildFile; fileRef = F0A3C6DF2AB083E500DB217F /* ProjectsView.swift */; };
		F0A3C6E22AB083F200DB217F /* PressView.swift in Sources */ = {isa = PBXBuildFile; fileRef = F0A3C6E12AB083F200DB217F /* PressView.swift */; };
		F0A3C6E42AB083FD00DB217F /* MoreView.swift in Sources */ = {isa = PBXBuildFile; fileRef = F0A3C6E32AB083FD00DB217F /* MoreView.swift */; };
		F0A3C6E72AB08EBC00DB217F /* HomeViewModel.swift in Sources */ = {isa = PBXBuildFile; fileRef = F0A3C6E62AB08EBC00DB217F /* HomeViewModel.swift */; };
		F0A3C6EA2AB08F6300DB217F /* HeaderImageView.swift in Sources */ = {isa = PBXBuildFile; fileRef = F0A3C6E92AB08F6300DB217F /* HeaderImageView.swift */; };
/* End PBXBuildFile section */

/* Begin PBXContainerItemProxy section */
		F0A3C6B82AB059A300DB217F /* PBXContainerItemProxy */ = {
			isa = PBXContainerItemProxy;
			containerPortal = F0A3C69E2AB059A100DB217F /* Project object */;
			proxyType = 1;
			remoteGlobalIDString = F0A3C6A52AB059A100DB217F;
			remoteInfo = NAM;
		};
		F0A3C6C22AB059A300DB217F /* PBXContainerItemProxy */ = {
			isa = PBXContainerItemProxy;
			containerPortal = F0A3C69E2AB059A100DB217F /* Project object */;
			proxyType = 1;
			remoteGlobalIDString = F0A3C6A52AB059A100DB217F;
			remoteInfo = NAM;
		};
/* End PBXContainerItemProxy section */

/* Begin PBXFileReference section */
		F09127842BD7C67900D14C68 /* HeaderImage.swift */ = {isa = PBXFileReference; lastKnownFileType = sourcecode.swift; path = HeaderImage.swift; sourceTree = "<group>"; };
		F09127862BD7CA9600D14C68 /* ArtGroups.swift */ = {isa = PBXFileReference; lastKnownFileType = sourcecode.swift; path = ArtGroups.swift; sourceTree = "<group>"; };
		F09127882BD7CAD600D14C68 /* ItemArtGroup.swift */ = {isa = PBXFileReference; lastKnownFileType = sourcecode.swift; path = ItemArtGroup.swift; sourceTree = "<group>"; };
		F091278A2BD7DAB700D14C68 /* Publications.swift */ = {isa = PBXFileReference; lastKnownFileType = sourcecode.swift; path = Publications.swift; sourceTree = "<group>"; };
		F091278C2BD7DB1900D14C68 /* ItemPublication.swift */ = {isa = PBXFileReference; lastKnownFileType = sourcecode.swift; path = ItemPublication.swift; sourceTree = "<group>"; };
		F0A3C6A62AB059A100DB217F /* NAM.app */ = {isa = PBXFileReference; explicitFileType = wrapper.application; includeInIndex = 0; path = NAM.app; sourceTree = BUILT_PRODUCTS_DIR; };
		F0A3C6A92AB059A100DB217F /* NAMApp.swift */ = {isa = PBXFileReference; lastKnownFileType = sourcecode.swift; path = NAMApp.swift; sourceTree = "<group>"; };
		F0A3C6AB2AB059A100DB217F /* ContentView.swift */ = {isa = PBXFileReference; lastKnownFileType = sourcecode.swift; path = ContentView.swift; sourceTree = "<group>"; };
		F0A3C6AD2AB059A300DB217F /* Assets.xcassets */ = {isa = PBXFileReference; lastKnownFileType = folder.assetcatalog; path = Assets.xcassets; sourceTree = "<group>"; };
		F0A3C6AF2AB059A300DB217F /* NAM.entitlements */ = {isa = PBXFileReference; lastKnownFileType = text.plist.entitlements; path = NAM.entitlements; sourceTree = "<group>"; };
		F0A3C6B12AB059A300DB217F /* Preview Assets.xcassets */ = {isa = PBXFileReference; lastKnownFileType = folder.assetcatalog; path = "Preview Assets.xcassets"; sourceTree = "<group>"; };
		F0A3C6B72AB059A300DB217F /* NAMTests.xctest */ = {isa = PBXFileReference; explicitFileType = wrapper.cfbundle; includeInIndex = 0; path = NAMTests.xctest; sourceTree = BUILT_PRODUCTS_DIR; };
		F0A3C6BB2AB059A300DB217F /* NAMTests.swift */ = {isa = PBXFileReference; lastKnownFileType = sourcecode.swift; path = NAMTests.swift; sourceTree = "<group>"; };
		F0A3C6C12AB059A300DB217F /* NAMUITests.xctest */ = {isa = PBXFileReference; explicitFileType = wrapper.cfbundle; includeInIndex = 0; path = NAMUITests.xctest; sourceTree = BUILT_PRODUCTS_DIR; };
		F0A3C6C52AB059A300DB217F /* NAMUITests.swift */ = {isa = PBXFileReference; lastKnownFileType = sourcecode.swift; path = NAMUITests.swift; sourceTree = "<group>"; };
		F0A3C6C72AB059A300DB217F /* NAMUITestsLaunchTests.swift */ = {isa = PBXFileReference; lastKnownFileType = sourcecode.swift; path = NAMUITestsLaunchTests.swift; sourceTree = "<group>"; };
		F0A3C6D52AB05ABF00DB217F /* SplashView.swift */ = {isa = PBXFileReference; lastKnownFileType = sourcecode.swift; path = SplashView.swift; sourceTree = "<group>"; };
		F0A3C6D72AB05F7C00DB217F /* MainNavigation.swift */ = {isa = PBXFileReference; lastKnownFileType = sourcecode.swift; path = MainNavigation.swift; sourceTree = "<group>"; };
		F0A3C6D92AB07AC000DB217F /* BottomMenuItemView.swift */ = {isa = PBXFileReference; lastKnownFileType = sourcecode.swift; path = BottomMenuItemView.swift; sourceTree = "<group>"; };
		F0A3C6DB2AB083C600DB217F /* HomeView.swift */ = {isa = PBXFileReference; lastKnownFileType = sourcecode.swift; path = HomeView.swift; sourceTree = "<group>"; };
		F0A3C6DD2AB083D800DB217F /* EventsView.swift */ = {isa = PBXFileReference; lastKnownFileType = sourcecode.swift; path = EventsView.swift; sourceTree = "<group>"; };
		F0A3C6DF2AB083E500DB217F /* ProjectsView.swift */ = {isa = PBXFileReference; lastKnownFileType = sourcecode.swift; path = ProjectsView.swift; sourceTree = "<group>"; };
		F0A3C6E12AB083F200DB217F /* PressView.swift */ = {isa = PBXFileReference; lastKnownFileType = sourcecode.swift; path = PressView.swift; sourceTree = "<group>"; };
		F0A3C6E32AB083FD00DB217F /* MoreView.swift */ = {isa = PBXFileReference; lastKnownFileType = sourcecode.swift; path = MoreView.swift; sourceTree = "<group>"; };
		F0A3C6E62AB08EBC00DB217F /* HomeViewModel.swift */ = {isa = PBXFileReference; lastKnownFileType = sourcecode.swift; path = HomeViewModel.swift; sourceTree = "<group>"; };
		F0A3C6E92AB08F6300DB217F /* HeaderImageView.swift */ = {isa = PBXFileReference; lastKnownFileType = sourcecode.swift; path = HeaderImageView.swift; sourceTree = "<group>"; };
/* End PBXFileReference section */

/* Begin PBXFrameworksBuildPhase section */
		F0A3C6A32AB059A100DB217F /* Frameworks */ = {
			isa = PBXFrameworksBuildPhase;
			buildActionMask = 2147483647;
			files = (
			);
			runOnlyForDeploymentPostprocessing = 0;
		};
		F0A3C6B42AB059A300DB217F /* Frameworks */ = {
			isa = PBXFrameworksBuildPhase;
			buildActionMask = 2147483647;
			files = (
			);
			runOnlyForDeploymentPostprocessing = 0;
		};
		F0A3C6BE2AB059A300DB217F /* Frameworks */ = {
			isa = PBXFrameworksBuildPhase;
			buildActionMask = 2147483647;
			files = (
			);
			runOnlyForDeploymentPostprocessing = 0;
		};
/* End PBXFrameworksBuildPhase section */

/* Begin PBXGroup section */
		F09127832BD7C66100D14C68 /* models */ = {
			isa = PBXGroup;
			children = (
				F09127842BD7C67900D14C68 /* HeaderImage.swift */,
				F09127862BD7CA9600D14C68 /* ArtGroups.swift */,
				F09127882BD7CAD600D14C68 /* ItemArtGroup.swift */,
				F091278A2BD7DAB700D14C68 /* Publications.swift */,
				F091278C2BD7DB1900D14C68 /* ItemPublication.swift */,
			);
			path = models;
			sourceTree = "<group>";
		};
		F0A3C69D2AB059A100DB217F = {
			isa = PBXGroup;
			children = (
				F0A3C6A82AB059A100DB217F /* NAM */,
				F0A3C6BA2AB059A300DB217F /* NAMTests */,
				F0A3C6C42AB059A300DB217F /* NAMUITests */,
				F0A3C6A72AB059A100DB217F /* Products */,
			);
			sourceTree = "<group>";
		};
		F0A3C6A72AB059A100DB217F /* Products */ = {
			isa = PBXGroup;
			children = (
				F0A3C6A62AB059A100DB217F /* NAM.app */,
				F0A3C6B72AB059A300DB217F /* NAMTests.xctest */,
				F0A3C6C12AB059A300DB217F /* NAMUITests.xctest */,
			);
			name = Products;
			sourceTree = "<group>";
		};
		F0A3C6A82AB059A100DB217F /* NAM */ = {
			isa = PBXGroup;
			children = (
				F09127832BD7C66100D14C68 /* models */,
				F0A3C6E82AB08F4C00DB217F /* views */,
				F0A3C6E52AB08EA500DB217F /* viewModels */,
				F0A3C6D42AB05A8E00DB217F /* screens */,
				F0A3C6A92AB059A100DB217F /* NAMApp.swift */,
				F0A3C6AB2AB059A100DB217F /* ContentView.swift */,
				F0A3C6AD2AB059A300DB217F /* Assets.xcassets */,
				F0A3C6AF2AB059A300DB217F /* NAM.entitlements */,
				F0A3C6B02AB059A300DB217F /* Preview Content */,
			);
			path = NAM;
			sourceTree = "<group>";
		};
		F0A3C6B02AB059A300DB217F /* Preview Content */ = {
			isa = PBXGroup;
			children = (
				F0A3C6B12AB059A300DB217F /* Preview Assets.xcassets */,
			);
			path = "Preview Content";
			sourceTree = "<group>";
		};
		F0A3C6BA2AB059A300DB217F /* NAMTests */ = {
			isa = PBXGroup;
			children = (
				F0A3C6BB2AB059A300DB217F /* NAMTests.swift */,
			);
			path = NAMTests;
			sourceTree = "<group>";
		};
		F0A3C6C42AB059A300DB217F /* NAMUITests */ = {
			isa = PBXGroup;
			children = (
				F0A3C6C52AB059A300DB217F /* NAMUITests.swift */,
				F0A3C6C72AB059A300DB217F /* NAMUITestsLaunchTests.swift */,
			);
			path = NAMUITests;
			sourceTree = "<group>";
		};
		F0A3C6D42AB05A8E00DB217F /* screens */ = {
			isa = PBXGroup;
			children = (
				F0A3C6D52AB05ABF00DB217F /* SplashView.swift */,
				F0A3C6D72AB05F7C00DB217F /* MainNavigation.swift */,
				F0A3C6D92AB07AC000DB217F /* BottomMenuItemView.swift */,
				F0A3C6DB2AB083C600DB217F /* HomeView.swift */,
				F0A3C6DD2AB083D800DB217F /* EventsView.swift */,
				F0A3C6DF2AB083E500DB217F /* ProjectsView.swift */,
				F0A3C6E12AB083F200DB217F /* PressView.swift */,
				F0A3C6E32AB083FD00DB217F /* MoreView.swift */,
			);
			path = screens;
			sourceTree = "<group>";
		};
		F0A3C6E52AB08EA500DB217F /* viewModels */ = {
			isa = PBXGroup;
			children = (
				F0A3C6E62AB08EBC00DB217F /* HomeViewModel.swift */,
			);
			path = viewModels;
			sourceTree = "<group>";
		};
		F0A3C6E82AB08F4C00DB217F /* views */ = {
			isa = PBXGroup;
			children = (
				F0A3C6E92AB08F6300DB217F /* HeaderImageView.swift */,
			);
			path = views;
			sourceTree = "<group>";
		};
/* End PBXGroup section */

/* Begin PBXNativeTarget section */
		F0A3C6A52AB059A100DB217F /* NAM */ = {
			isa = PBXNativeTarget;
			buildConfigurationList = F0A3C6CB2AB059A300DB217F /* Build configuration list for PBXNativeTarget "NAM" */;
			buildPhases = (
				F0A3C6A22AB059A100DB217F /* Sources */,
				F0A3C6A32AB059A100DB217F /* Frameworks */,
				F0A3C6A42AB059A100DB217F /* Resources */,
			);
			buildRules = (
			);
			dependencies = (
			);
			name = NAM;
			productName = NAM;
			productReference = F0A3C6A62AB059A100DB217F /* NAM.app */;
			productType = "com.apple.product-type.application";
		};
		F0A3C6B62AB059A300DB217F /* NAMTests */ = {
			isa = PBXNativeTarget;
			buildConfigurationList = F0A3C6CE2AB059A300DB217F /* Build configuration list for PBXNativeTarget "NAMTests" */;
			buildPhases = (
				F0A3C6B32AB059A300DB217F /* Sources */,
				F0A3C6B42AB059A300DB217F /* Frameworks */,
				F0A3C6B52AB059A300DB217F /* Resources */,
			);
			buildRules = (
			);
			dependencies = (
				F0A3C6B92AB059A300DB217F /* PBXTargetDependency */,
			);
			name = NAMTests;
			productName = NAMTests;
			productReference = F0A3C6B72AB059A300DB217F /* NAMTests.xctest */;
			productType = "com.apple.product-type.bundle.unit-test";
		};
		F0A3C6C02AB059A300DB217F /* NAMUITests */ = {
			isa = PBXNativeTarget;
			buildConfigurationList = F0A3C6D12AB059A300DB217F /* Build configuration list for PBXNativeTarget "NAMUITests" */;
			buildPhases = (
				F0A3C6BD2AB059A300DB217F /* Sources */,
				F0A3C6BE2AB059A300DB217F /* Frameworks */,
				F0A3C6BF2AB059A300DB217F /* Resources */,
			);
			buildRules = (
			);
			dependencies = (
				F0A3C6C32AB059A300DB217F /* PBXTargetDependency */,
			);
			name = NAMUITests;
			productName = NAMUITests;
			productReference = F0A3C6C12AB059A300DB217F /* NAMUITests.xctest */;
			productType = "com.apple.product-type.bundle.ui-testing";
		};
/* End PBXNativeTarget section */

/* Begin PBXProject section */
		F0A3C69E2AB059A100DB217F /* Project object */ = {
			isa = PBXProject;
			attributes = {
				BuildIndependentTargetsInParallel = 1;
				LastSwiftUpdateCheck = 1430;
				LastUpgradeCheck = 1430;
				TargetAttributes = {
					F0A3C6A52AB059A100DB217F = {
						CreatedOnToolsVersion = 14.3.1;
					};
					F0A3C6B62AB059A300DB217F = {
						CreatedOnToolsVersion = 14.3.1;
						TestTargetID = F0A3C6A52AB059A100DB217F;
					};
					F0A3C6C02AB059A300DB217F = {
						CreatedOnToolsVersion = 14.3.1;
						TestTargetID = F0A3C6A52AB059A100DB217F;
					};
				};
			};
			buildConfigurationList = F0A3C6A12AB059A100DB217F /* Build configuration list for PBXProject "NAM" */;
			compatibilityVersion = "Xcode 14.0";
			developmentRegion = en;
			hasScannedForEncodings = 0;
			knownRegions = (
				en,
				Base,
			);
			mainGroup = F0A3C69D2AB059A100DB217F;
			productRefGroup = F0A3C6A72AB059A100DB217F /* Products */;
			projectDirPath = "";
			projectRoot = "";
			targets = (
				F0A3C6A52AB059A100DB217F /* NAM */,
				F0A3C6B62AB059A300DB217F /* NAMTests */,
				F0A3C6C02AB059A300DB217F /* NAMUITests */,
			);
		};
/* End PBXProject section */

/* Begin PBXResourcesBuildPhase section */
		F0A3C6A42AB059A100DB217F /* Resources */ = {
			isa = PBXResourcesBuildPhase;
			buildActionMask = 2147483647;
			files = (
				F0A3C6B22AB059A300DB217F /* Preview Assets.xcassets in Resources */,
				F0A3C6AE2AB059A300DB217F /* Assets.xcassets in Resources */,
			);
			runOnlyForDeploymentPostprocessing = 0;
		};
		F0A3C6B52AB059A300DB217F /* Resources */ = {
			isa = PBXResourcesBuildPhase;
			buildActionMask = 2147483647;
			files = (
			);
			runOnlyForDeploymentPostprocessing = 0;
		};
		F0A3C6BF2AB059A300DB217F /* Resources */ = {
			isa = PBXResourcesBuildPhase;
			buildActionMask = 2147483647;
			files = (
			);
			runOnlyForDeploymentPostprocessing = 0;
		};
/* End PBXResourcesBuildPhase section */

/* Begin PBXSourcesBuildPhase section */
		F0A3C6A22AB059A100DB217F /* Sources */ = {
			isa = PBXSourcesBuildPhase;
			buildActionMask = 2147483647;
			files = (
				F0A3C6DA2AB07AC000DB217F /* BottomMenuItemView.swift in Sources */,
				F0A3C6E72AB08EBC00DB217F /* HomeViewModel.swift in Sources */,
				F0A3C6DE2AB083D800DB217F /* EventsView.swift in Sources */,
				F09127872BD7CA9600D14C68 /* ArtGroups.swift in Sources */,
				F0A3C6EA2AB08F6300DB217F /* HeaderImageView.swift in Sources */,
				F0A3C6E02AB083E500DB217F /* ProjectsView.swift in Sources */,
				F09127852BD7C67900D14C68 /* HeaderImage.swift in Sources */,
				F09127892BD7CAD600D14C68 /* ItemArtGroup.swift in Sources */,
				F0A3C6D82AB05F7C00DB217F /* MainNavigation.swift in Sources */,
				F0A3C6AC2AB059A100DB217F /* ContentView.swift in Sources */,
				F091278D2BD7DB1900D14C68 /* ItemPublication.swift in Sources */,
				F091278B2BD7DAB700D14C68 /* Publications.swift in Sources */,
				F0A3C6DC2AB083C600DB217F /* HomeView.swift in Sources */,
				F0A3C6AA2AB059A100DB217F /* NAMApp.swift in Sources */,
				F0A3C6E22AB083F200DB217F /* PressView.swift in Sources */,
				F0A3C6D62AB05ABF00DB217F /* SplashView.swift in Sources */,
				F0A3C6E42AB083FD00DB217F /* MoreView.swift in Sources */,
			);
			runOnlyForDeploymentPostprocessing = 0;
		};
		F0A3C6B32AB059A300DB217F /* Sources */ = {
			isa = PBXSourcesBuildPhase;
			buildActionMask = 2147483647;
			files = (
				F0A3C6BC2AB059A300DB217F /* NAMTests.swift in Sources */,
			);
			runOnlyForDeploymentPostprocessing = 0;
		};
		F0A3C6BD2AB059A300DB217F /* Sources */ = {
			isa = PBXSourcesBuildPhase;
			buildActionMask = 2147483647;
			files = (
				F0A3C6C62AB059A300DB217F /* NAMUITests.swift in Sources */,
				F0A3C6C82AB059A300DB217F /* NAMUITestsLaunchTests.swift in Sources */,
			);
			runOnlyForDeploymentPostprocessing = 0;
		};
/* End PBXSourcesBuildPhase section */

/* Begin PBXTargetDependency section */
		F0A3C6B92AB059A300DB217F /* PBXTargetDependency */ = {
			isa = PBXTargetDependency;
			target = F0A3C6A52AB059A100DB217F /* NAM */;
			targetProxy = F0A3C6B82AB059A300DB217F /* PBXContainerItemProxy */;
		};
		F0A3C6C32AB059A300DB217F /* PBXTargetDependency */ = {
			isa = PBXTargetDependency;
			target = F0A3C6A52AB059A100DB217F /* NAM */;
			targetProxy = F0A3C6C22AB059A300DB217F /* PBXContainerItemProxy */;
		};
/* End PBXTargetDependency section */

/* Begin XCBuildConfiguration section */
		F0A3C6C92AB059A300DB217F /* Debug */ = {
			isa = XCBuildConfiguration;
			buildSettings = {
				ALWAYS_SEARCH_USER_PATHS = NO;
				CLANG_ANALYZER_NONNULL = YES;
				CLANG_ANALYZER_NUMBER_OBJECT_CONVERSION = YES_AGGRESSIVE;
				CLANG_CXX_LANGUAGE_STANDARD = "gnu++20";
				CLANG_ENABLE_MODULES = YES;
				CLANG_ENABLE_OBJC_ARC = YES;
				CLANG_ENABLE_OBJC_WEAK = YES;
				CLANG_WARN_BLOCK_CAPTURE_AUTORELEASING = YES;
				CLANG_WARN_BOOL_CONVERSION = YES;
				CLANG_WARN_COMMA = YES;
				CLANG_WARN_CONSTANT_CONVERSION = YES;
				CLANG_WARN_DEPRECATED_OBJC_IMPLEMENTATIONS = YES;
				CLANG_WARN_DIRECT_OBJC_ISA_USAGE = YES_ERROR;
				CLANG_WARN_DOCUMENTATION_COMMENTS = YES;
				CLANG_WARN_EMPTY_BODY = YES;
				CLANG_WARN_ENUM_CONVERSION = YES;
				CLANG_WARN_INFINITE_RECURSION = YES;
				CLANG_WARN_INT_CONVERSION = YES;
				CLANG_WARN_NON_LITERAL_NULL_CONVERSION = YES;
				CLANG_WARN_OBJC_IMPLICIT_RETAIN_SELF = YES;
				CLANG_WARN_OBJC_LITERAL_CONVERSION = YES;
				CLANG_WARN_OBJC_ROOT_CLASS = YES_ERROR;
				CLANG_WARN_QUOTED_INCLUDE_IN_FRAMEWORK_HEADER = YES;
				CLANG_WARN_RANGE_LOOP_ANALYSIS = YES;
				CLANG_WARN_STRICT_PROTOTYPES = YES;
				CLANG_WARN_SUSPICIOUS_MOVE = YES;
				CLANG_WARN_UNGUARDED_AVAILABILITY = YES_AGGRESSIVE;
				CLANG_WARN_UNREACHABLE_CODE = YES;
				CLANG_WARN__DUPLICATE_METHOD_MATCH = YES;
				COPY_PHASE_STRIP = NO;
				DEBUG_INFORMATION_FORMAT = dwarf;
				ENABLE_STRICT_OBJC_MSGSEND = YES;
				ENABLE_TESTABILITY = YES;
				GCC_C_LANGUAGE_STANDARD = gnu11;
				GCC_DYNAMIC_NO_PIC = NO;
				GCC_NO_COMMON_BLOCKS = YES;
				GCC_OPTIMIZATION_LEVEL = 0;
				GCC_PREPROCESSOR_DEFINITIONS = (
					"DEBUG=1",
					"$(inherited)",
				);
				GCC_WARN_64_TO_32_BIT_CONVERSION = YES;
				GCC_WARN_ABOUT_RETURN_TYPE = YES_ERROR;
				GCC_WARN_UNDECLARED_SELECTOR = YES;
				GCC_WARN_UNINITIALIZED_AUTOS = YES_AGGRESSIVE;
				GCC_WARN_UNUSED_FUNCTION = YES;
				GCC_WARN_UNUSED_VARIABLE = YES;
				MTL_ENABLE_DEBUG_INFO = INCLUDE_SOURCE;
				MTL_FAST_MATH = YES;
				ONLY_ACTIVE_ARCH = YES;
				SWIFT_ACTIVE_COMPILATION_CONDITIONS = DEBUG;
				SWIFT_OPTIMIZATION_LEVEL = "-Onone";
			};
			name = Debug;
		};
		F0A3C6CA2AB059A300DB217F /* Release */ = {
			isa = XCBuildConfiguration;
			buildSettings = {
				ALWAYS_SEARCH_USER_PATHS = NO;
				CLANG_ANALYZER_NONNULL = YES;
				CLANG_ANALYZER_NUMBER_OBJECT_CONVERSION = YES_AGGRESSIVE;
				CLANG_CXX_LANGUAGE_STANDARD = "gnu++20";
				CLANG_ENABLE_MODULES = YES;
				CLANG_ENABLE_OBJC_ARC = YES;
				CLANG_ENABLE_OBJC_WEAK = YES;
				CLANG_WARN_BLOCK_CAPTURE_AUTORELEASING = YES;
				CLANG_WARN_BOOL_CONVERSION = YES;
				CLANG_WARN_COMMA = YES;
				CLANG_WARN_CONSTANT_CONVERSION = YES;
				CLANG_WARN_DEPRECATED_OBJC_IMPLEMENTATIONS = YES;
				CLANG_WARN_DIRECT_OBJC_ISA_USAGE = YES_ERROR;
				CLANG_WARN_DOCUMENTATION_COMMENTS = YES;
				CLANG_WARN_EMPTY_BODY = YES;
				CLANG_WARN_ENUM_CONVERSION = YES;
				CLANG_WARN_INFINITE_RECURSION = YES;
				CLANG_WARN_INT_CONVERSION = YES;
				CLANG_WARN_NON_LITERAL_NULL_CONVERSION = YES;
				CLANG_WARN_OBJC_IMPLICIT_RETAIN_SELF = YES;
				CLANG_WARN_OBJC_LITERAL_CONVERSION = YES;
				CLANG_WARN_OBJC_ROOT_CLASS = YES_ERROR;
				CLANG_WARN_QUOTED_INCLUDE_IN_FRAMEWORK_HEADER = YES;
				CLANG_WARN_RANGE_LOOP_ANALYSIS = YES;
				CLANG_WARN_STRICT_PROTOTYPES = YES;
				CLANG_WARN_SUSPICIOUS_MOVE = YES;
				CLANG_WARN_UNGUARDED_AVAILABILITY = YES_AGGRESSIVE;
				CLANG_WARN_UNREACHABLE_CODE = YES;
				CLANG_WARN__DUPLICATE_METHOD_MATCH = YES;
				COPY_PHASE_STRIP = NO;
				DEBUG_INFORMATION_FORMAT = "dwarf-with-dsym";
				ENABLE_NS_ASSERTIONS = NO;
				ENABLE_STRICT_OBJC_MSGSEND = YES;
				GCC_C_LANGUAGE_STANDARD = gnu11;
				GCC_NO_COMMON_BLOCKS = YES;
				GCC_WARN_64_TO_32_BIT_CONVERSION = YES;
				GCC_WARN_ABOUT_RETURN_TYPE = YES_ERROR;
				GCC_WARN_UNDECLARED_SELECTOR = YES;
				GCC_WARN_UNINITIALIZED_AUTOS = YES_AGGRESSIVE;
				GCC_WARN_UNUSED_FUNCTION = YES;
				GCC_WARN_UNUSED_VARIABLE = YES;
				MTL_ENABLE_DEBUG_INFO = NO;
				MTL_FAST_MATH = YES;
				SWIFT_COMPILATION_MODE = wholemodule;
				SWIFT_OPTIMIZATION_LEVEL = "-O";
			};
			name = Release;
		};
		F0A3C6CC2AB059A300DB217F /* Debug */ = {
			isa = XCBuildConfiguration;
			buildSettings = {
				ASSETCATALOG_COMPILER_APPICON_NAME = AppIcon;
				ASSETCATALOG_COMPILER_GLOBAL_ACCENT_COLOR_NAME = AccentColor;
				CODE_SIGN_ENTITLEMENTS = NAM/NAM.entitlements;
				CODE_SIGN_STYLE = Automatic;
				CURRENT_PROJECT_VERSION = 1;
				DEVELOPMENT_ASSET_PATHS = "\"NAM/Preview Content\"";
				DEVELOPMENT_TEAM = UKZMAB42JZ;
				ENABLE_HARDENED_RUNTIME = YES;
				ENABLE_PREVIEWS = YES;
				GENERATE_INFOPLIST_FILE = YES;
				"INFOPLIST_KEY_UIApplicationSceneManifest_Generation[sdk=iphoneos*]" = YES;
				"INFOPLIST_KEY_UIApplicationSceneManifest_Generation[sdk=iphonesimulator*]" = YES;
				"INFOPLIST_KEY_UIApplicationSupportsIndirectInputEvents[sdk=iphoneos*]" = YES;
				"INFOPLIST_KEY_UIApplicationSupportsIndirectInputEvents[sdk=iphonesimulator*]" = YES;
				"INFOPLIST_KEY_UILaunchScreen_Generation[sdk=iphoneos*]" = YES;
				"INFOPLIST_KEY_UILaunchScreen_Generation[sdk=iphonesimulator*]" = YES;
				"INFOPLIST_KEY_UIStatusBarStyle[sdk=iphoneos*]" = UIStatusBarStyleDefault;
				"INFOPLIST_KEY_UIStatusBarStyle[sdk=iphonesimulator*]" = UIStatusBarStyleDefault;
				INFOPLIST_KEY_UISupportedInterfaceOrientations_iPad = "UIInterfaceOrientationPortrait UIInterfaceOrientationPortraitUpsideDown UIInterfaceOrientationLandscapeLeft UIInterfaceOrientationLandscapeRight";
				INFOPLIST_KEY_UISupportedInterfaceOrientations_iPhone = "UIInterfaceOrientationPortrait UIInterfaceOrientationLandscapeLeft UIInterfaceOrientationLandscapeRight";
				IPHONEOS_DEPLOYMENT_TARGET = 16.4;
				LD_RUNPATH_SEARCH_PATHS = "@executable_path/Frameworks";
				"LD_RUNPATH_SEARCH_PATHS[sdk=macosx*]" = "@executable_path/../Frameworks";
				MACOSX_DEPLOYMENT_TARGET = 13.3;
				MARKETING_VERSION = 1.0;
				PRODUCT_BUNDLE_IDENTIFIER = com.roberthayrapetyan.NAM;
				PRODUCT_NAME = "$(TARGET_NAME)";
				SDKROOT = auto;
				SUPPORTED_PLATFORMS = "iphoneos iphonesimulator macosx";
				SWIFT_EMIT_LOC_STRINGS = YES;
				SWIFT_VERSION = 5.0;
				TARGETED_DEVICE_FAMILY = "1,2";
			};
			name = Debug;
		};
		F0A3C6CD2AB059A300DB217F /* Release */ = {
			isa = XCBuildConfiguration;
			buildSettings = {
				ASSETCATALOG_COMPILER_APPICON_NAME = AppIcon;
				ASSETCATALOG_COMPILER_GLOBAL_ACCENT_COLOR_NAME = AccentColor;
				CODE_SIGN_ENTITLEMENTS = NAM/NAM.entitlements;
				CODE_SIGN_STYLE = Automatic;
				CURRENT_PROJECT_VERSION = 1;
				DEVELOPMENT_ASSET_PATHS = "\"NAM/Preview Content\"";
				DEVELOPMENT_TEAM = UKZMAB42JZ;
				ENABLE_HARDENED_RUNTIME = YES;
				ENABLE_PREVIEWS = YES;
				GENERATE_INFOPLIST_FILE = YES;
				"INFOPLIST_KEY_UIApplicationSceneManifest_Generation[sdk=iphoneos*]" = YES;
				"INFOPLIST_KEY_UIApplicationSceneManifest_Generation[sdk=iphonesimulator*]" = YES;
				"INFOPLIST_KEY_UIApplicationSupportsIndirectInputEvents[sdk=iphoneos*]" = YES;
				"INFOPLIST_KEY_UIApplicationSupportsIndirectInputEvents[sdk=iphonesimulator*]" = YES;
				"INFOPLIST_KEY_UILaunchScreen_Generation[sdk=iphoneos*]" = YES;
				"INFOPLIST_KEY_UILaunchScreen_Generation[sdk=iphonesimulator*]" = YES;
				"INFOPLIST_KEY_UIStatusBarStyle[sdk=iphoneos*]" = UIStatusBarStyleDefault;
				"INFOPLIST_KEY_UIStatusBarStyle[sdk=iphonesimulator*]" = UIStatusBarStyleDefault;
				INFOPLIST_KEY_UISupportedInterfaceOrientations_iPad = "UIInterfaceOrientationPortrait UIInterfaceOrientationPortraitUpsideDown UIInterfaceOrientationLandscapeLeft UIInterfaceOrientationLandscapeRight";
				INFOPLIST_KEY_UISupportedInterfaceOrientations_iPhone = "UIInterfaceOrientationPortrait UIInterfaceOrientationLandscapeLeft UIInterfaceOrientationLandscapeRight";
				IPHONEOS_DEPLOYMENT_TARGET = 16.4;
				LD_RUNPATH_SEARCH_PATHS = "@executable_path/Frameworks";
				"LD_RUNPATH_SEARCH_PATHS[sdk=macosx*]" = "@executable_path/../Frameworks";
				MACOSX_DEPLOYMENT_TARGET = 13.3;
				MARKETING_VERSION = 1.0;
				PRODUCT_BUNDLE_IDENTIFIER = com.roberthayrapetyan.NAM;
				PRODUCT_NAME = "$(TARGET_NAME)";
				SDKROOT = auto;
				SUPPORTED_PLATFORMS = "iphoneos iphonesimulator macosx";
				SWIFT_EMIT_LOC_STRINGS = YES;
				SWIFT_VERSION = 5.0;
				TARGETED_DEVICE_FAMILY = "1,2";
			};
			name = Release;
		};
		F0A3C6CF2AB059A300DB217F /* Debug */ = {
			isa = XCBuildConfiguration;
			buildSettings = {
				ALWAYS_EMBED_SWIFT_STANDARD_LIBRARIES = YES;
				BUNDLE_LOADER = "$(TEST_HOST)";
				CODE_SIGN_STYLE = Automatic;
				CURRENT_PROJECT_VERSION = 1;
				DEVELOPMENT_TEAM = UKZMAB42JZ;
				GENERATE_INFOPLIST_FILE = YES;
				IPHONEOS_DEPLOYMENT_TARGET = 16.4;
				MACOSX_DEPLOYMENT_TARGET = 13.3;
				MARKETING_VERSION = 1.0;
				PRODUCT_BUNDLE_IDENTIFIER = com.roberthayrapetyan.NAMTests;
				PRODUCT_NAME = "$(TARGET_NAME)";
				SDKROOT = auto;
				SUPPORTED_PLATFORMS = "iphoneos iphonesimulator macosx";
				SWIFT_EMIT_LOC_STRINGS = NO;
				SWIFT_VERSION = 5.0;
				TARGETED_DEVICE_FAMILY = "1,2";
				TEST_HOST = "$(BUILT_PRODUCTS_DIR)/NAM.app/$(BUNDLE_EXECUTABLE_FOLDER_PATH)/NAM";
			};
			name = Debug;
		};
		F0A3C6D02AB059A300DB217F /* Release */ = {
			isa = XCBuildConfiguration;
			buildSettings = {
				ALWAYS_EMBED_SWIFT_STANDARD_LIBRARIES = YES;
				BUNDLE_LOADER = "$(TEST_HOST)";
				CODE_SIGN_STYLE = Automatic;
				CURRENT_PROJECT_VERSION = 1;
				DEVELOPMENT_TEAM = UKZMAB42JZ;
				GENERATE_INFOPLIST_FILE = YES;
				IPHONEOS_DEPLOYMENT_TARGET = 16.4;
				MACOSX_DEPLOYMENT_TARGET = 13.3;
				MARKETING_VERSION = 1.0;
				PRODUCT_BUNDLE_IDENTIFIER = com.roberthayrapetyan.NAMTests;
				PRODUCT_NAME = "$(TARGET_NAME)";
				SDKROOT = auto;
				SUPPORTED_PLATFORMS = "iphoneos iphonesimulator macosx";
				SWIFT_EMIT_LOC_STRINGS = NO;
				SWIFT_VERSION = 5.0;
				TARGETED_DEVICE_FAMILY = "1,2";
				TEST_HOST = "$(BUILT_PRODUCTS_DIR)/NAM.app/$(BUNDLE_EXECUTABLE_FOLDER_PATH)/NAM";
			};
			name = Release;
		};
		F0A3C6D22AB059A300DB217F /* Debug */ = {
			isa = XCBuildConfiguration;
			buildSettings = {
				ALWAYS_EMBED_SWIFT_STANDARD_LIBRARIES = YES;
				CODE_SIGN_STYLE = Automatic;
				CURRENT_PROJECT_VERSION = 1;
				DEVELOPMENT_TEAM = UKZMAB42JZ;
				GENERATE_INFOPLIST_FILE = YES;
				IPHONEOS_DEPLOYMENT_TARGET = 16.4;
				MACOSX_DEPLOYMENT_TARGET = 13.3;
				MARKETING_VERSION = 1.0;
				PRODUCT_BUNDLE_IDENTIFIER = com.roberthayrapetyan.NAMUITests;
				PRODUCT_NAME = "$(TARGET_NAME)";
				SDKROOT = auto;
				SUPPORTED_PLATFORMS = "iphoneos iphonesimulator macosx";
				SWIFT_EMIT_LOC_STRINGS = NO;
				SWIFT_VERSION = 5.0;
				TARGETED_DEVICE_FAMILY = "1,2";
				TEST_TARGET_NAME = NAM;
			};
			name = Debug;
		};
		F0A3C6D32AB059A300DB217F /* Release */ = {
			isa = XCBuildConfiguration;
			buildSettings = {
				ALWAYS_EMBED_SWIFT_STANDARD_LIBRARIES = YES;
				CODE_SIGN_STYLE = Automatic;
				CURRENT_PROJECT_VERSION = 1;
				DEVELOPMENT_TEAM = UKZMAB42JZ;
				GENERATE_INFOPLIST_FILE = YES;
				IPHONEOS_DEPLOYMENT_TARGET = 16.4;
				MACOSX_DEPLOYMENT_TARGET = 13.3;
				MARKETING_VERSION = 1.0;
				PRODUCT_BUNDLE_IDENTIFIER = com.roberthayrapetyan.NAMUITests;
				PRODUCT_NAME = "$(TARGET_NAME)";
				SDKROOT = auto;
				SUPPORTED_PLATFORMS = "iphoneos iphonesimulator macosx";
				SWIFT_EMIT_LOC_STRINGS = NO;
				SWIFT_VERSION = 5.0;
				TARGETED_DEVICE_FAMILY = "1,2";
				TEST_TARGET_NAME = NAM;
			};
			name = Release;
		};
/* End XCBuildConfiguration section */

/* Begin XCConfigurationList section */
		F0A3C6A12AB059A100DB217F /* Build configuration list for PBXProject "NAM" */ = {
			isa = XCConfigurationList;
			buildConfigurations = (
				F0A3C6C92AB059A300DB217F /* Debug */,
				F0A3C6CA2AB059A300DB217F /* Release */,
			);
			defaultConfigurationIsVisible = 0;
			defaultConfigurationName = Release;
		};
		F0A3C6CB2AB059A300DB217F /* Build configuration list for PBXNativeTarget "NAM" */ = {
			isa = XCConfigurationList;
			buildConfigurations = (
				F0A3C6CC2AB059A300DB217F /* Debug */,
				F0A3C6CD2AB059A300DB217F /* Release */,
			);
			defaultConfigurationIsVisible = 0;
			defaultConfigurationName = Release;
		};
		F0A3C6CE2AB059A300DB217F /* Build configuration list for PBXNativeTarget "NAMTests" */ = {
			isa = XCConfigurationList;
			buildConfigurations = (
				F0A3C6CF2AB059A300DB217F /* Debug */,
				F0A3C6D02AB059A300DB217F /* Release */,
			);
			defaultConfigurationIsVisible = 0;
			defaultConfigurationName = Release;
		};
		F0A3C6D12AB059A300DB217F /* Build configuration list for PBXNativeTarget "NAMUITests" */ = {
			isa = XCConfigurationList;
			buildConfigurations = (
				F0A3C6D22AB059A300DB217F /* Debug */,
				F0A3C6D32AB059A300DB217F /* Release */,
			);
			defaultConfigurationIsVisible = 0;
			defaultConfigurationName = Release;
		};
/* End XCConfigurationList section */
	};
	rootObject = F0A3C69E2AB059A100DB217F /* Project object */;
}
